
Microsoft Visual Studio Solution File, Format Version 12.00
# Visual Studio Version 17
VisualStudioVersion = 17.0.31903.59
MinimumVisualStudioVersion = 10.0.40219.1
Project("{FAE04EC0-301F-11D3-BF4B-00C04F79EFBC}") = "Animou.API", "src\services\Animou.API\Animou.API.csproj", "{38B03DCD-9FAD-47FB-BB08-06FDDE1E95A2}"
EndProject
Project("{FAE04EC0-301F-11D3-BF4B-00C04F79EFBC}") = "Animou.Business", "src\services\Animou.Business\Animou.Business.csproj", "{C99074C4-F70C-4763-9557-56BB7C377AE6}"
EndProject
Project("{FAE04EC0-301F-11D3-BF4B-00C04F79EFBC}") = "Animou.Data", "src\services\Animou.Data\Animou.Data.csproj", "{199C4CD7-A6B9-4017-BE69-E128DCDCB68D}"
EndProject
Global
	GlobalSection(SolutionConfigurationPlatforms) = preSolution
		Debug|Any CPU = Debug|Any CPU
		Release|Any CPU = Release|Any CPU
	EndGlobalSection
	GlobalSection(ProjectConfigurationPlatforms) = postSolution
		{38B03DCD-9FAD-47FB-BB08-06FDDE1E95A2}.Debug|Any CPU.ActiveCfg = Debug|Any CPU
		{38B03DCD-9FAD-47FB-BB08-06FDDE1E95A2}.Debug|Any CPU.Build.0 = Debug|Any CPU
		{38B03DCD-9FAD-47FB-BB08-06FDDE1E95A2}.Release|Any CPU.ActiveCfg = Release|Any CPU
		{38B03DCD-9FAD-47FB-BB08-06FDDE1E95A2}.Release|Any CPU.Build.0 = Release|Any CPU
		{C99074C4-F70C-4763-9557-56BB7C377AE6}.Debug|Any CPU.ActiveCfg = Debug|Any CPU
		{C99074C4-F70C-4763-9557-56BB7C377AE6}.Debug|Any CPU.Build.0 = Debug|Any CPU
		{C99074C4-F70C-4763-9557-56BB7C377AE6}.Release|Any CPU.ActiveCfg = Release|Any CPU
		{C99074C4-F70C-4763-9557-56BB7C377AE6}.Release|Any CPU.Build.0 = Release|Any CPU
		{199C4CD7-A6B9-4017-BE69-E128DCDCB68D}.Debug|Any CPU.ActiveCfg = Debug|Any CPU
		{199C4CD7-A6B9-4017-BE69-E128DCDCB68D}.Debug|Any CPU.Build.0 = Debug|Any CPU
		{199C4CD7-A6B9-4017-BE69-E128DCDCB68D}.Release|Any CPU.ActiveCfg = Release|Any CPU
		{199C4CD7-A6B9-4017-BE69-E128DCDCB68D}.Release|Any CPU.Build.0 = Release|Any CPU
	EndGlobalSection
	GlobalSection(SolutionProperties) = preSolution
		HideSolutionNode = FALSE
	EndGlobalSection
	GlobalSection(ExtensibilityGlobals) = postSolution
		SolutionGuid = {A6563F43-141D-45F3-A97D-99CD00227781}
	EndGlobalSection
EndGlobal
